
Microsoft Visual Studio Solution File, Format Version 12.00
# Visual Studio Version 17
VisualStudioVersion = 17.5.002.0
MinimumVisualStudioVersion = 10.0.40219.1
Project("{9A19103F-16F7-4668-BE54-9A1E7A4F7556}") = "DesafioPOO", "DesafioPOO.csproj", "{E031B86A-C095-4C70-8679-86DD2DF068A1}"
EndProject
Global
	GlobalSection(SolutionConfigurationPlatforms) = preSolution
		Debug|Any CPU = Debug|Any CPU
		Release|Any CPU = Release|Any CPU
	EndGlobalSection
	GlobalSection(ProjectConfigurationPlatforms) = postSolution
		{E031B86A-C095-4C70-8679-86DD2DF068A1}.Debug|Any CPU.ActiveCfg = Debug|Any CPU
		{E031B86A-C095-4C70-8679-86DD2DF068A1}.Debug|Any CPU.Build.0 = Debug|Any CPU
		{E031B86A-C095-4C70-8679-86DD2DF068A1}.Release|Any CPU.ActiveCfg = Release|Any CPU
		{E031B86A-C095-4C70-8679-86DD2DF068A1}.Release|Any CPU.Build.0 = Release|Any CPU
	EndGlobalSection
	GlobalSection(SolutionProperties) = preSolution
		HideSolutionNode = FALSE
	EndGlobalSection
	GlobalSection(ExtensibilityGlobals) = postSolution
		SolutionGuid = {97F4550F-D8EE-4E8F-916E-4872C526A364}
	EndGlobalSection
EndGlobal
